{
  "originHash" : "7d8ab82efd7887f9a85234030cdbd3eef10fdd05debcb866fdf2a0d9c9c29f03",
  "pins" : [
    {
      "identity" : "jww-xctest-extensions",
      "kind" : "remoteSourceControl",
      "location" : "https://github.com/justin/jww-xctest-extensions",
      "state" : {
        "revision" : "92f6a65d69280d10b865d8740bcd380dc0796d59",
        "version" : "1.4.1"
      }
    },
    {
      "identity" : "swift-http-types",
      "kind" : "remoteSourceControl",
      "location" : "https://github.com/apple/swift-http-types.git",
      "state" : {
        "revision" : "ae67c8178eb46944fd85e4dc6dd970e1f3ed6ccd",
        "version" : "1.3.0"
      }
    }
  ],
  "version" : 3
}
