{
  "originHash" : "c077a48ed3955de9991c4b30942dc16eb292d2a45f668949944010881fbeefdb",
  "pins" : [
    {
      "identity" : "jww-standard-lib",
      "kind" : "remoteSourceControl",
      "location" : "https://github.com/justin/jww-standard-lib",
      "state" : {
        "revision" : "d679860c9dbc284c2531a8ef9ace3f3b49080c73",
        "version" : "1.2.0"
      }
    },
    {
      "identity" : "jww-xctest-extensions",
      "kind" : "remoteSourceControl",
      "location" : "https://github.com/justin/jww-xctest-extensions",
      "state" : {
        "revision" : "92f6a65d69280d10b865d8740bcd380dc0796d59",
        "version" : "1.4.1"
      }
    }
  ],
  "version" : 3
}
